PODS:
  - app_links (6.4.1):
    - FlutterMacOS
  - app_settings (5.1.1):
    - FlutterMacOS
  - audio_service (0.0.1):
    - Flutter
    - FlutterMacOS
  - audio_session (0.0.1):
    - FlutterMacOS
  - file_picker (0.0.1):
    - FlutterMacOS
  - FlutterMacOS (1.0.0)
  - just_audio (0.0.1):
    - Flutter
    - FlutterMacOS
  - mobile_scanner (5.2.3):
    - FlutterMacOS
  - path_provider_foundation (0.0.1):
    - Flutter
    - FlutterMacOS
  - share_plus (0.0.1):
    - FlutterMacOS
  - sqflite_darwin (0.0.4):
    - Flutter
    - FlutterMacOS
  - video_player_avfoundation (0.0.1):
    - Flutter
    - FlutterMacOS
  - webview_flutter_wkwebview (0.0.1):
    - Flutter
    - FlutterMacOS

DEPENDENCIES:
  - app_links (from `Flutter/ephemeral/.symlinks/plugins/app_links/macos`)
  - app_settings (from `Flutter/ephemeral/.symlinks/plugins/app_settings/macos`)
  - audio_service (from `Flutter/ephemeral/.symlinks/plugins/audio_service/darwin`)
  - audio_session (from `Flutter/ephemeral/.symlinks/plugins/audio_session/macos`)
  - file_picker (from `Flutter/ephemeral/.symlinks/plugins/file_picker/macos`)
  - FlutterMacOS (from `Flutter/ephemeral`)
  - just_audio (from `Flutter/ephemeral/.symlinks/plugins/just_audio/darwin`)
  - mobile_scanner (from `Flutter/ephemeral/.symlinks/plugins/mobile_scanner/macos`)
  - path_provider_foundation (from `Flutter/ephemeral/.symlinks/plugins/path_provider_foundation/darwin`)
  - share_plus (from `Flutter/ephemeral/.symlinks/plugins/share_plus/macos`)
  - sqflite_darwin (from `Flutter/ephemeral/.symlinks/plugins/sqflite_darwin/darwin`)
  - video_player_avfoundation (from `Flutter/ephemeral/.symlinks/plugins/video_player_avfoundation/darwin`)
  - webview_flutter_wkwebview (from `Flutter/ephemeral/.symlinks/plugins/webview_flutter_wkwebview/darwin`)

EXTERNAL SOURCES:
  app_links:
    :path: Flutter/ephemeral/.symlinks/plugins/app_links/macos
  app_settings:
    :path: Flutter/ephemeral/.symlinks/plugins/app_settings/macos
  audio_service:
    :path: Flutter/ephemeral/.symlinks/plugins/audio_service/darwin
  audio_session:
    :path: Flutter/ephemeral/.symlinks/plugins/audio_session/macos
  file_picker:
    :path: Flutter/ephemeral/.symlinks/plugins/file_picker/macos
  FlutterMacOS:
    :path: Flutter/ephemeral
  just_audio:
    :path: Flutter/ephemeral/.symlinks/plugins/just_audio/darwin
  mobile_scanner:
    :path: Flutter/ephemeral/.symlinks/plugins/mobile_scanner/macos
  path_provider_foundation:
    :path: Flutter/ephemeral/.symlinks/plugins/path_provider_foundation/darwin
  share_plus:
    :path: Flutter/ephemeral/.symlinks/plugins/share_plus/macos
  sqflite_darwin:
    :path: Flutter/ephemeral/.symlinks/plugins/sqflite_darwin/darwin
  video_player_avfoundation:
    :path: Flutter/ephemeral/.symlinks/plugins/video_player_avfoundation/darwin
  webview_flutter_wkwebview:
    :path: Flutter/ephemeral/.symlinks/plugins/webview_flutter_wkwebview/darwin

SPEC CHECKSUMS:
  app_links: 05a6ec2341985eb05e9f97dc63f5837c39895c3f
  app_settings: cd21e176b56f8172043640ade81322a98896bff4
  audio_service: aa99a6ba2ae7565996015322b0bb024e1d25c6fd
  audio_session: eaca2512cf2b39212d724f35d11f46180ad3a33e
  file_picker: 7584aae6fa07a041af2b36a2655122d42f578c1a
  FlutterMacOS: d0db08ddef1a9af05a5ec4b724367152bb0500b1
  just_audio: 4e391f57b79cad2b0674030a00453ca5ce817eed
  mobile_scanner: bd1e7cd9b67b442f4d903747f4778e040513f860
  path_provider_foundation: bb55f6dbba17d0dccd6737fe6f7f34fbd0376880
  share_plus: 510bf0af1a42cd602274b4629920c9649c52f4cc
  sqflite_darwin: 20b2a3a3b70e43edae938624ce550a3cbf66a3d0
  video_player_avfoundation: dd410b52df6d2466a42d28550e33e4146928280a
  webview_flutter_wkwebview: 8ebf4fded22593026f7dbff1fbff31ea98573c8d

PODFILE CHECKSUM: 54d867c82ac51cbd61b565781b9fada492027009

COCOAPODS: 1.16.2
